
Microsoft Visual Studio Solution File, Format Version 12.00
# Visual Studio Version 17
VisualStudioVersion = 17.12.35728.132
MinimumVisualStudioVersion = 10.0.40219.1
Project("{FAE04EC0-301F-11D3-BF4B-00C04F79EFBC}") = "WebApi", "WebApplication1\WebApi.csproj", "{DA2D7762-2FAE-401D-BE88-A9DAAC330498}"
EndProject
Global
	GlobalSection(SolutionConfigurationPlatforms) = preSolution
		Debug|Any CPU = Debug|Any CPU
		Release|Any CPU = Release|Any CPU
	EndGlobalSection
	GlobalSection(ProjectConfigurationPlatforms) = postSolution
		{DA2D7762-2FAE-401D-BE88-A9DAAC330498}.Debug|Any CPU.ActiveCfg = Debug|Any CPU
		{DA2D7762-2FAE-401D-BE88-A9DAAC330498}.Debug|Any CPU.Build.0 = Debug|Any CPU
		{DA2D7762-2FAE-401D-BE88-A9DAAC330498}.Release|Any CPU.ActiveCfg = Release|Any CPU
		{DA2D7762-2FAE-401D-BE88-A9DAAC330498}.Release|Any CPU.Build.0 = Release|Any CPU
	EndGlobalSection
	GlobalSection(SolutionProperties) = preSolution
		HideSolutionNode = FALSE
	EndGlobalSection
EndGlobal
